
Microsoft Visual Studio Solution File, Format Version 12.00
# Visual Studio 2012
Project("{FAE04EC0-301F-11D3-BF4B-00C04F79EFBC}") = "AccountControl", "AccountControl\AccountControl.csproj", "{D1AD89FF-5B40-4547-B941-1F3D093C84D9}"
EndProject
Global
	GlobalSection(SolutionConfigurationPlatforms) = preSolution
		Debug|Any CPU = Debug|Any CPU
		Release|Any CPU = Release|Any CPU
	EndGlobalSection
	GlobalSection(ProjectConfigurationPlatforms) = postSolution
		{D1AD89FF-5B40-4547-B941-1F3D093C84D9}.Debug|Any CPU.ActiveCfg = Debug|Any CPU
		{D1AD89FF-5B40-4547-B941-1F3D093C84D9}.Debug|Any CPU.Build.0 = Debug|Any CPU
		{D1AD89FF-5B40-4547-B941-1F3D093C84D9}.Release|Any CPU.ActiveCfg = Release|Any CPU
		{D1AD89FF-5B40-4547-B941-1F3D093C84D9}.Release|Any CPU.Build.0 = Release|Any CPU
	EndGlobalSection
	GlobalSection(SolutionProperties) = preSolution
		HideSolutionNode = FALSE
	EndGlobalSection
EndGlobal
